
Microsoft Visual Studio Solution File, Format Version 12.00
# Visual Studio 15
VisualStudioVersion = 15.0.26730.16
MinimumVisualStudioVersion = 10.0.40219.1
Project("{D954291E-2A0B-460D-934E-DC6B0785DB48}") = "Attempt1", "Attempt1\Attempt1\Attempt1.shproj", "{AC0C26FF-8D4C-4356-9517-8703BA5E541A}"
EndProject
Project("{FAE04EC0-301F-11D3-BF4B-00C04F79EFBC}") = "Attempt1.Android", "Attempt1\Attempt1.Android\Attempt1.Android.csproj", "{F294BEDB-6D67-496D-951B-CFC2D9FA6FAF}"
EndProject
Project("{FAE04EC0-301F-11D3-BF4B-00C04F79EFBC}") = "Attempt1.iOS", "Attempt1\Attempt1.iOS\Attempt1.iOS.csproj", "{404B3AE5-1AD3-4E08-A02B-6F8A660DF921}"
EndProject
Project("{FAE04EC0-301F-11D3-BF4B-00C04F79EFBC}") = "Attempt1.UWP", "Attempt1\Attempt1.UWP\Attempt1.UWP.csproj", "{5A9A33EA-CC24-47E1-9A0C-1E5AFB159B35}"
EndProject
Global
	GlobalSection(SharedMSBuildProjectFiles) = preSolution
		Attempt1\Attempt1\Attempt1.projitems*{404b3ae5-1ad3-4e08-a02b-6f8a660df921}*SharedItemsImports = 4
		Attempt1\Attempt1\Attempt1.projitems*{5a9a33ea-cc24-47e1-9a0c-1e5afb159b35}*SharedItemsImports = 4
		Attempt1\Attempt1\Attempt1.projitems*{ac0c26ff-8d4c-4356-9517-8703ba5e541a}*SharedItemsImports = 13
		Attempt1\Attempt1\Attempt1.projitems*{f294bedb-6d67-496d-951b-cfc2d9fa6faf}*SharedItemsImports = 4
	EndGlobalSection
	GlobalSection(SolutionConfigurationPlatforms) = preSolution
		Ad-Hoc|Any CPU = Ad-Hoc|Any CPU
		Ad-Hoc|ARM = Ad-Hoc|ARM
		Ad-Hoc|iPhone = Ad-Hoc|iPhone
		Ad-Hoc|iPhoneSimulator = Ad-Hoc|iPhoneSimulator
		Ad-Hoc|x64 = Ad-Hoc|x64
		Ad-Hoc|x86 = Ad-Hoc|x86
		AppStore|Any CPU = AppStore|Any CPU
		AppStore|ARM = AppStore|ARM
		AppStore|iPhone = AppStore|iPhone
		AppStore|iPhoneSimulator = AppStore|iPhoneSimulator
		AppStore|x64 = AppStore|x64
		AppStore|x86 = AppStore|x86
		Debug|Any CPU = Debug|Any CPU
		Debug|ARM = Debug|ARM
		Debug|iPhone = Debug|iPhone
		Debug|iPhoneSimulator = Debug|iPhoneSimulator
		Debug|x64 = Debug|x64
		Debug|x86 = Debug|x86
		Release|Any CPU = Release|Any CPU
		Release|ARM = Release|ARM
		Release|iPhone = Release|iPhone
		Release|iPhoneSimulator = Release|iPhoneSimulator
		Release|x64 = Release|x64
		Release|x86 = Release|x86
	EndGlobalSection
	GlobalSection(ProjectConfigurationPlatforms) = postSolution
		{F294BEDB-6D67-496D-951B-CFC2D9FA6FAF}.Ad-Hoc|Any CPU.ActiveCfg = Release|Any CPU
		{F294BEDB-6D67-496D-951B-CFC2D9FA6FAF}.Ad-Hoc|Any CPU.Build.0 = Release|Any CPU
		{F294BEDB-6D67-496D-951B-CFC2D9FA6FAF}.Ad-Hoc|Any CPU.Deploy.0 = Release|Any CPU
		{F294BEDB-6D67-496D-951B-CFC2D9FA6FAF}.Ad-Hoc|ARM.ActiveCfg = Release|Any CPU
		{F294BEDB-6D67-496D-951B-CFC2D9FA6FAF}.Ad-Hoc|ARM.Build.0 = Release|Any CPU
		{F294BEDB-6D67-496D-951B-CFC2D9FA6FAF}.Ad-Hoc|ARM.Deploy.0 = Release|Any CPU
		{F294BEDB-6D67-496D-951B-CFC2D9FA6FAF}.Ad-Hoc|iPhone.ActiveCfg = Release|Any CPU
		{F294BEDB-6D67-496D-951B-CFC2D9FA6FAF}.Ad-Hoc|iPhone.Build.0 = Release|Any CPU
		{F294BEDB-6D67-496D-951B-CFC2D9FA6FAF}.Ad-Hoc|iPhone.Deploy.0 = Release|Any CPU
		{F294BEDB-6D67-496D-951B-CFC2D9FA6FAF}.Ad-Hoc|iPhoneSimulator.ActiveCfg = Release|Any CPU
		{F294BEDB-6D67-496D-951B-CFC2D9FA6FAF}.Ad-Hoc|iPhoneSimulator.Build.0 = Release|Any CPU
		{F294BEDB-6D67-496D-951B-CFC2D9FA6FAF}.Ad-Hoc|iPhoneSimulator.Deploy.0 = Release|Any CPU
		{F294BEDB-6D67-496D-951B-CFC2D9FA6FAF}.Ad-Hoc|x64.ActiveCfg = Release|Any CPU
		{F294BEDB-6D67-496D-951B-CFC2D9FA6FAF}.Ad-Hoc|x64.Build.0 = Release|Any CPU
		{F294BEDB-6D67-496D-951B-CFC2D9FA6FAF}.Ad-Hoc|x64.Deploy.0 = Release|Any CPU
		{F294BEDB-6D67-496D-951B-CFC2D9FA6FAF}.Ad-Hoc|x86.ActiveCfg = Release|Any CPU
		{F294BEDB-6D67-496D-951B-CFC2D9FA6FAF}.Ad-Hoc|x86.Build.0 = Release|Any CPU
		{F294BEDB-6D67-496D-951B-CFC2D9FA6FAF}.Ad-Hoc|x86.Deploy.0 = Release|Any CPU
		{F294BEDB-6D67-496D-951B-CFC2D9FA6FAF}.AppStore|Any CPU.ActiveCfg = Release|Any CPU
		{F294BEDB-6D67-496D-951B-CFC2D9FA6FAF}.AppStore|Any CPU.Build.0 = Release|Any CPU
		{F294BEDB-6D67-496D-951B-CFC2D9FA6FAF}.AppStore|Any CPU.Deploy.0 = Release|Any CPU
		{F294BEDB-6D67-496D-951B-CFC2D9FA6FAF}.AppStore|ARM.ActiveCfg = Release|Any CPU
		{F294BEDB-6D67-496D-951B-CFC2D9FA6FAF}.AppStore|ARM.Build.0 = Release|Any CPU
		{F294BEDB-6D67-496D-951B-CFC2D9FA6FAF}.AppStore|ARM.Deploy.0 = Release|Any CPU
		{F294BEDB-6D67-496D-951B-CFC2D9FA6FAF}.AppStore|iPhone.ActiveCfg = Release|Any CPU
		{F294BEDB-6D67-496D-951B-CFC2D9FA6FAF}.AppStore|iPhone.Build.0 = Release|Any CPU
		{F294BEDB-6D67-496D-951B-CFC2D9FA6FAF}.AppStore|iPhone.Deploy.0 = Release|Any CPU
		{F294BEDB-6D67-496D-951B-CFC2D9FA6FAF}.AppStore|iPhoneSimulator.ActiveCfg = Release|Any CPU
		{F294BEDB-6D67-496D-951B-CFC2D9FA6FAF}.AppStore|iPhoneSimulator.Build.0 = Release|Any CPU
		{F294BEDB-6D67-496D-951B-CFC2D9FA6FAF}.AppStore|iPhoneSimulator.Deploy.0 = Release|Any CPU
		{F294BEDB-6D67-496D-951B-CFC2D9FA6FAF}.AppStore|x64.ActiveCfg = Release|Any CPU
		{F294BEDB-6D67-496D-951B-CFC2D9FA6FAF}.AppStore|x64.Build.0 = Release|Any CPU
		{F294BEDB-6D67-496D-951B-CFC2D9FA6FAF}.AppStore|x64.Deploy.0 = Release|Any CPU
		{F294BEDB-6D67-496D-951B-CFC2D9FA6FAF}.AppStore|x86.ActiveCfg = Release|Any CPU
		{F294BEDB-6D67-496D-951B-CFC2D9FA6FAF}.AppStore|x86.Build.0 = Release|Any CPU
		{F294BEDB-6D67-496D-951B-CFC2D9FA6FAF}.AppStore|x86.Deploy.0 = Release|Any CPU
		{F294BEDB-6D67-496D-951B-CFC2D9FA6FAF}.Debug|Any CPU.ActiveCfg = Debug|Any CPU
		{F294BEDB-6D67-496D-951B-CFC2D9FA6FAF}.Debug|Any CPU.Build.0 = Debug|Any CPU
		{F294BEDB-6D67-496D-951B-CFC2D9FA6FAF}.Debug|Any CPU.Deploy.0 = Debug|Any CPU
		{F294BEDB-6D67-496D-951B-CFC2D9FA6FAF}.Debug|ARM.ActiveCfg = Debug|Any CPU
		{F294BEDB-6D67-496D-951B-CFC2D9FA6FAF}.Debug|ARM.Build.0 = Debug|Any CPU
		{F294BEDB-6D67-496D-951B-CFC2D9FA6FAF}.Debug|ARM.Deploy.0 = Debug|Any CPU
		{F294BEDB-6D67-496D-951B-CFC2D9FA6FAF}.Debug|iPhone.ActiveCfg = Debug|Any CPU
		{F294BEDB-6D67-496D-951B-CFC2D9FA6FAF}.Debug|iPhone.Build.0 = Debug|Any CPU
		{F294BEDB-6D67-496D-951B-CFC2D9FA6FAF}.Debug|iPhone.Deploy.0 = Debug|Any CPU
		{F294BEDB-6D67-496D-951B-CFC2D9FA6FAF}.Debug|iPhoneSimulator.ActiveCfg = Debug|Any CPU
		{F294BEDB-6D67-496D-951B-CFC2D9FA6FAF}.Debug|iPhoneSimulator.Build.0 = Debug|Any CPU
		{F294BEDB-6D67-496D-951B-CFC2D9FA6FAF}.Debug|iPhoneSimulator.Deploy.0 = Debug|Any CPU
		{F294BEDB-6D67-496D-951B-CFC2D9FA6FAF}.Debug|x64.ActiveCfg = Debug|Any CPU
		{F294BEDB-6D67-496D-951B-CFC2D9FA6FAF}.Debug|x64.Build.0 = Debug|Any CPU
		{F294BEDB-6D67-496D-951B-CFC2D9FA6FAF}.Debug|x64.Deploy.0 = Debug|Any CPU
		{F294BEDB-6D67-496D-951B-CFC2D9FA6FAF}.Debug|x86.ActiveCfg = Debug|Any CPU
		{F294BEDB-6D67-496D-951B-CFC2D9FA6FAF}.Debug|x86.Build.0 = Debug|Any CPU
		{F294BEDB-6D67-496D-951B-CFC2D9FA6FAF}.Debug|x86.Deploy.0 = Debug|Any CPU
		{F294BEDB-6D67-496D-951B-CFC2D9FA6FAF}.Release|Any CPU.ActiveCfg = Release|Any CPU
		{F294BEDB-6D67-496D-951B-CFC2D9FA6FAF}.Release|Any CPU.Build.0 = Release|Any CPU
		{F294BEDB-6D67-496D-951B-CFC2D9FA6FAF}.Release|Any CPU.Deploy.0 = Release|Any CPU
		{F294BEDB-6D67-496D-951B-CFC2D9FA6FAF}.Release|ARM.ActiveCfg = Release|Any CPU
		{F294BEDB-6D67-496D-951B-CFC2D9FA6FAF}.Release|ARM.Build.0 = Release|Any CPU
		{F294BEDB-6D67-496D-951B-CFC2D9FA6FAF}.Release|ARM.Deploy.0 = Release|Any CPU
		{F294BEDB-6D67-496D-951B-CFC2D9FA6FAF}.Release|iPhone.ActiveCfg = Release|Any CPU
		{F294BEDB-6D67-496D-951B-CFC2D9FA6FAF}.Release|iPhone.Build.0 = Release|Any CPU
		{F294BEDB-6D67-496D-951B-CFC2D9FA6FAF}.Release|iPhone.Deploy.0 = Release|Any CPU
		{F294BEDB-6D67-496D-951B-CFC2D9FA6FAF}.Release|iPhoneSimulator.ActiveCfg = Release|Any CPU
		{F294BEDB-6D67-496D-951B-CFC2D9FA6FAF}.Release|iPhoneSimulator.Build.0 = Release|Any CPU
		{F294BEDB-6D67-496D-951B-CFC2D9FA6FAF}.Release|iPhoneSimulator.Deploy.0 = Release|Any CPU
		{F294BEDB-6D67-496D-951B-CFC2D9FA6FAF}.Release|x64.ActiveCfg = Release|Any CPU
		{F294BEDB-6D67-496D-951B-CFC2D9FA6FAF}.Release|x64.Build.0 = Release|Any CPU
		{F294BEDB-6D67-496D-951B-CFC2D9FA6FAF}.Release|x64.Deploy.0 = Release|Any CPU
		{F294BEDB-6D67-496D-951B-CFC2D9FA6FAF}.Release|x86.ActiveCfg = Release|Any CPU
		{F294BEDB-6D67-496D-951B-CFC2D9FA6FAF}.Release|x86.Build.0 = Release|Any CPU
		{F294BEDB-6D67-496D-951B-CFC2D9FA6FAF}.Release|x86.Deploy.0 = Release|Any CPU
		{404B3AE5-1AD3-4E08-A02B-6F8A660DF921}.Ad-Hoc|Any CPU.ActiveCfg = Ad-Hoc|iPhone
		{404B3AE5-1AD3-4E08-A02B-6F8A660DF921}.Ad-Hoc|ARM.ActiveCfg = Ad-Hoc|iPhone
		{404B3AE5-1AD3-4E08-A02B-6F8A660DF921}.Ad-Hoc|iPhone.ActiveCfg = Ad-Hoc|iPhone
		{404B3AE5-1AD3-4E08-A02B-6F8A660DF921}.Ad-Hoc|iPhone.Build.0 = Ad-Hoc|iPhone
		{404B3AE5-1AD3-4E08-A02B-6F8A660DF921}.Ad-Hoc|iPhoneSimulator.ActiveCfg = Ad-Hoc|iPhoneSimulator
		{404B3AE5-1AD3-4E08-A02B-6F8A660DF921}.Ad-Hoc|iPhoneSimulator.Build.0 = Ad-Hoc|iPhoneSimulator
		{404B3AE5-1AD3-4E08-A02B-6F8A660DF921}.Ad-Hoc|x64.ActiveCfg = Ad-Hoc|iPhone
		{404B3AE5-1AD3-4E08-A02B-6F8A660DF921}.Ad-Hoc|x86.ActiveCfg = Ad-Hoc|iPhone
		{404B3AE5-1AD3-4E08-A02B-6F8A660DF921}.AppStore|Any CPU.ActiveCfg = AppStore|iPhone
		{404B3AE5-1AD3-4E08-A02B-6F8A660DF921}.AppStore|ARM.ActiveCfg = AppStore|iPhone
		{404B3AE5-1AD3-4E08-A02B-6F8A660DF921}.AppStore|iPhone.ActiveCfg = AppStore|iPhone
		{404B3AE5-1AD3-4E08-A02B-6F8A660DF921}.AppStore|iPhone.Build.0 = AppStore|iPhone
		{404B3AE5-1AD3-4E08-A02B-6F8A660DF921}.AppStore|iPhoneSimulator.ActiveCfg = AppStore|iPhoneSimulator
		{404B3AE5-1AD3-4E08-A02B-6F8A660DF921}.AppStore|iPhoneSimulator.Build.0 = AppStore|iPhoneSimulator
		{404B3AE5-1AD3-4E08-A02B-6F8A660DF921}.AppStore|x64.ActiveCfg = AppStore|iPhone
		{404B3AE5-1AD3-4E08-A02B-6F8A660DF921}.AppStore|x86.ActiveCfg = AppStore|iPhone
		{404B3AE5-1AD3-4E08-A02B-6F8A660DF921}.Debug|Any CPU.ActiveCfg = Debug|iPhone
		{404B3AE5-1AD3-4E08-A02B-6F8A660DF921}.Debug|ARM.ActiveCfg = Debug|iPhone
		{404B3AE5-1AD3-4E08-A02B-6F8A660DF921}.Debug|iPhone.ActiveCfg = Debug|iPhone
		{404B3AE5-1AD3-4E08-A02B-6F8A660DF921}.Debug|iPhone.Build.0 = Debug|iPhone
		{404B3AE5-1AD3-4E08-A02B-6F8A660DF921}.Debug|iPhoneSimulator.ActiveCfg = Debug|iPhoneSimulator
		{404B3AE5-1AD3-4E08-A02B-6F8A660DF921}.Debug|iPhoneSimulator.Build.0 = Debug|iPhoneSimulator
		{404B3AE5-1AD3-4E08-A02B-6F8A660DF921}.Debug|x64.ActiveCfg = Debug|iPhone
		{404B3AE5-1AD3-4E08-A02B-6F8A660DF921}.Debug|x86.ActiveCfg = Debug|iPhone
		{404B3AE5-1AD3-4E08-A02B-6F8A660DF921}.Release|Any CPU.ActiveCfg = Release|iPhone
		{404B3AE5-1AD3-4E08-A02B-6F8A660DF921}.Release|ARM.ActiveCfg = Release|iPhone
		{404B3AE5-1AD3-4E08-A02B-6F8A660DF921}.Release|iPhone.ActiveCfg = Release|iPhone
		{404B3AE5-1AD3-4E08-A02B-6F8A660DF921}.Release|iPhone.Build.0 = Release|iPhone
		{404B3AE5-1AD3-4E08-A02B-6F8A660DF921}.Release|iPhoneSimulator.ActiveCfg = Release|iPhoneSimulator
		{404B3AE5-1AD3-4E08-A02B-6F8A660DF921}.Release|iPhoneSimulator.Build.0 = Release|iPhoneSimulator
		{404B3AE5-1AD3-4E08-A02B-6F8A660DF921}.Release|x64.ActiveCfg = Release|iPhone
		{404B3AE5-1AD3-4E08-A02B-6F8A660DF921}.Release|x86.ActiveCfg = Release|iPhone
		{5A9A33EA-CC24-47E1-9A0C-1E5AFB159B35}.Ad-Hoc|Any CPU.ActiveCfg = Release|x86
		{5A9A33EA-CC24-47E1-9A0C-1E5AFB159B35}.Ad-Hoc|Any CPU.Build.0 = Release|x86
		{5A9A33EA-CC24-47E1-9A0C-1E5AFB159B35}.Ad-Hoc|Any CPU.Deploy.0 = Release|x86
		{5A9A33EA-CC24-47E1-9A0C-1E5AFB159B35}.Ad-Hoc|ARM.ActiveCfg = Release|ARM
		{5A9A33EA-CC24-47E1-9A0C-1E5AFB159B35}.Ad-Hoc|ARM.Build.0 = Release|ARM
		{5A9A33EA-CC24-47E1-9A0C-1E5AFB159B35}.Ad-Hoc|ARM.Deploy.0 = Release|ARM
		{5A9A33EA-CC24-47E1-9A0C-1E5AFB159B35}.Ad-Hoc|iPhone.ActiveCfg = Release|x86
		{5A9A33EA-CC24-47E1-9A0C-1E5AFB159B35}.Ad-Hoc|iPhone.Build.0 = Release|x86
		{5A9A33EA-CC24-47E1-9A0C-1E5AFB159B35}.Ad-Hoc|iPhone.Deploy.0 = Release|x86
		{5A9A33EA-CC24-47E1-9A0C-1E5AFB159B35}.Ad-Hoc|iPhoneSimulator.ActiveCfg = Release|x86
		{5A9A33EA-CC24-47E1-9A0C-1E5AFB159B35}.Ad-Hoc|iPhoneSimulator.Build.0 = Release|x86
		{5A9A33EA-CC24-47E1-9A0C-1E5AFB159B35}.Ad-Hoc|iPhoneSimulator.Deploy.0 = Release|x86
		{5A9A33EA-CC24-47E1-9A0C-1E5AFB159B35}.Ad-Hoc|x64.ActiveCfg = Release|x64
		{5A9A33EA-CC24-47E1-9A0C-1E5AFB159B35}.Ad-Hoc|x64.Build.0 = Release|x64
		{5A9A33EA-CC24-47E1-9A0C-1E5AFB159B35}.Ad-Hoc|x64.Deploy.0 = Release|x64
		{5A9A33EA-CC24-47E1-9A0C-1E5AFB159B35}.Ad-Hoc|x86.ActiveCfg = Release|x86
		{5A9A33EA-CC24-47E1-9A0C-1E5AFB159B35}.Ad-Hoc|x86.Build.0 = Release|x86
		{5A9A33EA-CC24-47E1-9A0C-1E5AFB159B35}.Ad-Hoc|x86.Deploy.0 = Release|x86
		{5A9A33EA-CC24-47E1-9A0C-1E5AFB159B35}.AppStore|Any CPU.ActiveCfg = Release|x86
		{5A9A33EA-CC24-47E1-9A0C-1E5AFB159B35}.AppStore|Any CPU.Build.0 = Release|x86
		{5A9A33EA-CC24-47E1-9A0C-1E5AFB159B35}.AppStore|Any CPU.Deploy.0 = Release|x86
		{5A9A33EA-CC24-47E1-9A0C-1E5AFB159B35}.AppStore|ARM.ActiveCfg = Release|ARM
		{5A9A33EA-CC24-47E1-9A0C-1E5AFB159B35}.AppStore|ARM.Build.0 = Release|ARM
		{5A9A33EA-CC24-47E1-9A0C-1E5AFB159B35}.AppStore|ARM.Deploy.0 = Release|ARM
		{5A9A33EA-CC24-47E1-9A0C-1E5AFB159B35}.AppStore|iPhone.ActiveCfg = Release|x86
		{5A9A33EA-CC24-47E1-9A0C-1E5AFB159B35}.AppStore|iPhone.Build.0 = Release|x86
		{5A9A33EA-CC24-47E1-9A0C-1E5AFB159B35}.AppStore|iPhone.Deploy.0 = Release|x86
		{5A9A33EA-CC24-47E1-9A0C-1E5AFB159B35}.AppStore|iPhoneSimulator.ActiveCfg = Release|x86
		{5A9A33EA-CC24-47E1-9A0C-1E5AFB159B35}.AppStore|iPhoneSimulator.Build.0 = Release|x86
		{5A9A33EA-CC24-47E1-9A0C-1E5AFB159B35}.AppStore|iPhoneSimulator.Deploy.0 = Release|x86
		{5A9A33EA-CC24-47E1-9A0C-1E5AFB159B35}.AppStore|x64.ActiveCfg = Release|x64
		{5A9A33EA-CC24-47E1-9A0C-1E5AFB159B35}.AppStore|x64.Build.0 = Release|x64
		{5A9A33EA-CC24-47E1-9A0C-1E5AFB159B35}.AppStore|x64.Deploy.0 = Release|x64
		{5A9A33EA-CC24-47E1-9A0C-1E5AFB159B35}.AppStore|x86.ActiveCfg = Release|x86
		{5A9A33EA-CC24-47E1-9A0C-1E5AFB159B35}.AppStore|x86.Build.0 = Release|x86
		{5A9A33EA-CC24-47E1-9A0C-1E5AFB159B35}.AppStore|x86.Deploy.0 = Release|x86
		{5A9A33EA-CC24-47E1-9A0C-1E5AFB159B35}.Debug|Any CPU.ActiveCfg = Debug|x86
		{5A9A33EA-CC24-47E1-9A0C-1E5AFB159B35}.Debug|ARM.ActiveCfg = Debug|ARM
		{5A9A33EA-CC24-47E1-9A0C-1E5AFB159B35}.Debug|ARM.Build.0 = Debug|ARM
		{5A9A33EA-CC24-47E1-9A0C-1E5AFB159B35}.Debug|ARM.Deploy.0 = Debug|ARM
		{5A9A33EA-CC24-47E1-9A0C-1E5AFB159B35}.Debug|iPhone.ActiveCfg = Debug|x86
		{5A9A33EA-CC24-47E1-9A0C-1E5AFB159B35}.Debug|iPhoneSimulator.ActiveCfg = Debug|x86
		{5A9A33EA-CC24-47E1-9A0C-1E5AFB159B35}.Debug|x64.ActiveCfg = Debug|x64
		{5A9A33EA-CC24-47E1-9A0C-1E5AFB159B35}.Debug|x64.Build.0 = Debug|x64
		{5A9A33EA-CC24-47E1-9A0C-1E5AFB159B35}.Debug|x64.Deploy.0 = Debug|x64
		{5A9A33EA-CC24-47E1-9A0C-1E5AFB159B35}.Debug|x86.ActiveCfg = Debug|x86
		{5A9A33EA-CC24-47E1-9A0C-1E5AFB159B35}.Debug|x86.Build.0 = Debug|x86
		{5A9A33EA-CC24-47E1-9A0C-1E5AFB159B35}.Debug|x86.Deploy.0 = Debug|x86
		{5A9A33EA-CC24-47E1-9A0C-1E5AFB159B35}.Release|Any CPU.ActiveCfg = Release|x86
		{5A9A33EA-CC24-47E1-9A0C-1E5AFB159B35}.Release|ARM.ActiveCfg = Release|ARM
		{5A9A33EA-CC24-47E1-9A0C-1E5AFB159B35}.Release|ARM.Build.0 = Release|ARM
		{5A9A33EA-CC24-47E1-9A0C-1E5AFB159B35}.Release|ARM.Deploy.0 = Release|ARM
		{5A9A33EA-CC24-47E1-9A0C-1E5AFB159B35}.Release|iPhone.ActiveCfg = Release|x86
		{5A9A33EA-CC24-47E1-9A0C-1E5AFB159B35}.Release|iPhoneSimulator.ActiveCfg = Release|x86
		{5A9A33EA-CC24-47E1-9A0C-1E5AFB159B35}.Release|x64.ActiveCfg = Release|x64
		{5A9A33EA-CC24-47E1-9A0C-1E5AFB159B35}.Release|x64.Build.0 = Release|x64
		{5A9A33EA-CC24-47E1-9A0C-1E5AFB159B35}.Release|x64.Deploy.0 = Release|x64
		{5A9A33EA-CC24-47E1-9A0C-1E5AFB159B35}.Release|x86.ActiveCfg = Release|x86
		{5A9A33EA-CC24-47E1-9A0C-1E5AFB159B35}.Release|x86.Build.0 = Release|x86
		{5A9A33EA-CC24-47E1-9A0C-1E5AFB159B35}.Release|x86.Deploy.0 = Release|x86
	EndGlobalSection
	GlobalSection(SolutionProperties) = preSolution
		HideSolutionNode = FALSE
	EndGlobalSection
	GlobalSection(ExtensibilityGlobals) = postSolution
		SolutionGuid = {C31BDC90-433F-4B16-B8F1-B6CDDC0176ED}
	EndGlobalSection
EndGlobal
